
Microsoft Visual Studio Solution File, Format Version 12.00
# Visual Studio Version 16
VisualStudioVersion = 16.0.31229.75
MinimumVisualStudioVersion = 10.0.40219.1
Project("{FAE04EC0-301F-11D3-BF4B-00C04F79EFBC}") = "LoginApp", "LoginApp\LoginApp.csproj", "{D84CE14E-9B63-4FB8-AC0D-492599FC0BD1}"
EndProject
Global
	GlobalSection(SolutionConfigurationPlatforms) = preSolution
		Debug|Any CPU = Debug|Any CPU
		Release|Any CPU = Release|Any CPU
	EndGlobalSection
	GlobalSection(ProjectConfigurationPlatforms) = postSolution
		{D84CE14E-9B63-4FB8-AC0D-492599FC0BD1}.Debug|Any CPU.ActiveCfg = Debug|Any CPU
		{D84CE14E-9B63-4FB8-AC0D-492599FC0BD1}.Debug|Any CPU.Build.0 = Debug|Any CPU
		{D84CE14E-9B63-4FB8-AC0D-492599FC0BD1}.Release|Any CPU.ActiveCfg = Release|Any CPU
		{D84CE14E-9B63-4FB8-AC0D-492599FC0BD1}.Release|Any CPU.Build.0 = Release|Any CPU
	EndGlobalSection
	GlobalSection(SolutionProperties) = preSolution
		HideSolutionNode = FALSE
	EndGlobalSection
	GlobalSection(ExtensibilityGlobals) = postSolution
		SolutionGuid = {8B4697F4-B381-4134-9CC4-95C89ABBBBD4}
	EndGlobalSection
EndGlobal
